
Microsoft Visual Studio Solution File, Format Version 12.00
# Visual Studio Version 16
VisualStudioVersion = 16.0.30621.155
MinimumVisualStudioVersion = 10.0.40219.1
Project("{FAE04EC0-301F-11D3-BF4B-00C04F79EFBC}") = "backend task", "backend task\backend task.csproj", "{69F4A21A-561E-437E-8144-B14BF1C9CF69}"
EndProject
Global
	GlobalSection(SolutionConfigurationPlatforms) = preSolution
		Debug|Any CPU = Debug|Any CPU
		Release|Any CPU = Release|Any CPU
	EndGlobalSection
	GlobalSection(ProjectConfigurationPlatforms) = postSolution
		{69F4A21A-561E-437E-8144-B14BF1C9CF69}.Debug|Any CPU.ActiveCfg = Debug|Any CPU
		{69F4A21A-561E-437E-8144-B14BF1C9CF69}.Debug|Any CPU.Build.0 = Debug|Any CPU
		{69F4A21A-561E-437E-8144-B14BF1C9CF69}.Release|Any CPU.ActiveCfg = Release|Any CPU
		{69F4A21A-561E-437E-8144-B14BF1C9CF69}.Release|Any CPU.Build.0 = Release|Any CPU
	EndGlobalSection
	GlobalSection(SolutionProperties) = preSolution
		HideSolutionNode = FALSE
	EndGlobalSection
	GlobalSection(ExtensibilityGlobals) = postSolution
		SolutionGuid = {D71FF206-91A6-43F9-A126-6BA1D3CE6DAB}
	EndGlobalSection
EndGlobal
